
Microsoft Visual Studio Solution File, Format Version 12.00
# Visual Studio 14
VisualStudioVersion = 14.0.25420.1
MinimumVisualStudioVersion = 10.0.40219.1
Project("{FAE04EC0-301F-11D3-BF4B-00C04F79EFBC}") = "BudgetManager.Core", "BudgetManager.Core\BudgetManager.Core.csproj", "{C567B076-463A-4C37-A411-C33E41796437}"
EndProject
Project("{FAE04EC0-301F-11D3-BF4B-00C04F79EFBC}") = "BudgetManager", "BudgetManager\BudgetManager.csproj", "{8B4F6AE6-1AC8-4708-AB87-17748D69E771}"
EndProject
Global
	GlobalSection(SolutionConfigurationPlatforms) = preSolution
		Debug|Any CPU = Debug|Any CPU
		Release|Any CPU = Release|Any CPU
	EndGlobalSection
	GlobalSection(ProjectConfigurationPlatforms) = postSolution
		{C567B076-463A-4C37-A411-C33E41796437}.Debug|Any CPU.ActiveCfg = Debug|Any CPU
		{C567B076-463A-4C37-A411-C33E41796437}.Debug|Any CPU.Build.0 = Debug|Any CPU
		{C567B076-463A-4C37-A411-C33E41796437}.Release|Any CPU.ActiveCfg = Release|Any CPU
		{C567B076-463A-4C37-A411-C33E41796437}.Release|Any CPU.Build.0 = Release|Any CPU
		{8B4F6AE6-1AC8-4708-AB87-17748D69E771}.Debug|Any CPU.ActiveCfg = Debug|Any CPU
		{8B4F6AE6-1AC8-4708-AB87-17748D69E771}.Debug|Any CPU.Build.0 = Debug|Any CPU
		{8B4F6AE6-1AC8-4708-AB87-17748D69E771}.Release|Any CPU.ActiveCfg = Release|Any CPU
		{8B4F6AE6-1AC8-4708-AB87-17748D69E771}.Release|Any CPU.Build.0 = Release|Any CPU
	EndGlobalSection
	GlobalSection(SolutionProperties) = preSolution
		HideSolutionNode = FALSE
	EndGlobalSection
EndGlobal
